
Microsoft Visual Studio Solution File, Format Version 12.00
# Visual Studio 15
VisualStudioVersion = 15.0.27004.2010
MinimumVisualStudioVersion = 10.0.40219.1
Project("{E24C65DC-7377-472B-9ABA-BC803B73C61A}") = "SoftLution_WEB", ".", "{AE09141B-9F4A-4204-B8F2-B5EC145D810C}"
	ProjectSection(WebsiteProperties) = preProject
		TargetFrameworkMoniker = ".NETFramework,Version%3Dv4.7.2"
		Debug.AspNetCompiler.VirtualPath = "/Site"
		Debug.AspNetCompiler.PhysicalPath = "..\Portal\"
		Debug.AspNetCompiler.TargetPath = "PrecompiledWeb\Site\"
		Debug.AspNetCompiler.Updateable = "true"
		Debug.AspNetCompiler.ForceOverwrite = "true"
		Debug.AspNetCompiler.FixedNames = "false"
		Debug.AspNetCompiler.Debug = "True"
		Release.AspNetCompiler.VirtualPath = "/Site"
		Release.AspNetCompiler.PhysicalPath = "..\Portal\"
		Release.AspNetCompiler.TargetPath = "PrecompiledWeb\Site\"
		Release.AspNetCompiler.Updateable = "true"
		Release.AspNetCompiler.ForceOverwrite = "true"
		Release.AspNetCompiler.FixedNames = "false"
		Release.AspNetCompiler.Debug = "False"
		VWDPort = "52336"
		SlnRelativePath = "..\Portal\"
	EndProjectSection
EndProject
Global
	GlobalSection(SolutionConfigurationPlatforms) = preSolution
		Debug|Any CPU = Debug|Any CPU
	EndGlobalSection
	GlobalSection(ProjectConfigurationPlatforms) = postSolution
		{AE09141B-9F4A-4204-B8F2-B5EC145D810C}.Debug|Any CPU.ActiveCfg = Debug|Any CPU
		{AE09141B-9F4A-4204-B8F2-B5EC145D810C}.Debug|Any CPU.Build.0 = Debug|Any CPU
	EndGlobalSection
	GlobalSection(SolutionProperties) = preSolution
		HideSolutionNode = FALSE
	EndGlobalSection
	GlobalSection(ExtensibilityGlobals) = postSolution
		SolutionGuid = {F0E8376C-4089-4D6A-838B-17B81BFCFDB9}
	EndGlobalSection
EndGlobal
